// !$*UTF8*$!
{
	archiveVersion = 1;
	classes = {
	};
	objectVersion = 56;
	objects = {

/* Begin PBXBuildFile section */
		F7AA24A02E14519D00169FAE /* VideoFlix_SwiftUIApp.swift in Sources */ = {isa = PBXBuildFile; fileRef = F7AA249F2E14519D00169FAE /* VideoFlix_SwiftUIApp.swift */; };
		F7AA24A42E1451A100169FAE /* Assets.xcassets in Resources */ = {isa = PBXBuildFile; fileRef = F7AA24A32E1451A100169FAE /* Assets.xcassets */; };
		F7AA24A72E1451A100169FAE /* Preview Assets.xcassets in Resources */ = {isa = PBXBuildFile; fileRef = F7AA24A62E1451A100169FAE /* Preview Assets.xcassets */; };
		F7AA24B12E1451A100169FAE /* VideoFlix_SwiftUITests.swift in Sources */ = {isa = PBXBuildFile; fileRef = F7AA24B02E1451A100169FAE /* VideoFlix_SwiftUITests.swift */; };
		F7AA24BB2E1451A100169FAE /* VideoFlix_SwiftUIUITests.swift in Sources */ = {isa = PBXBuildFile; fileRef = F7AA24BA2E1451A100169FAE /* VideoFlix_SwiftUIUITests.swift */; };
		F7AA24BD2E1451A100169FAE /* VideoFlix_SwiftUIUITestsLaunchTests.swift in Sources */ = {isa = PBXBuildFile; fileRef = F7AA24BC2E1451A100169FAE /* VideoFlix_SwiftUIUITestsLaunchTests.swift */; };
		F7AA24CC2E14529E00169FAE /* video_list.json in Resources */ = {isa = PBXBuildFile; fileRef = F7AA24C92E14529D00169FAE /* video_list.json */; };
		F7AA24CD2E14529E00169FAE /* VideoItem.swift in Sources */ = {isa = PBXBuildFile; fileRef = F7AA24CA2E14529D00169FAE /* VideoItem.swift */; };
		F7AA24CE2E14529E00169FAE /* VideoService.swift in Sources */ = {isa = PBXBuildFile; fileRef = F7AA24CB2E14529E00169FAE /* VideoService.swift */; };
		F7C46EF32E14BB5E00AC99D4 /* VideoListViewModel.swift in Sources */ = {isa = PBXBuildFile; fileRef = F7C46EF22E14BB5E00AC99D4 /* VideoListViewModel.swift */; };
		F7C46EF72E14BD8A00AC99D4 /* VideoListView.swift in Sources */ = {isa = PBXBuildFile; fileRef = F7C46EF62E14BD8A00AC99D4 /* VideoListView.swift */; };
		F7C46EFB2E14CE0000AC99D4 /* VideoPlayerView.swift in Sources */ = {isa = PBXBuildFile; fileRef = F7C46EFA2E14CE0000AC99D4 /* VideoPlayerView.swift */; };
		F7C46EFE2E14D12500AC99D4 /* PlaybackStorageService.swift in Sources */ = {isa = PBXBuildFile; fileRef = F7C46EFD2E14D12500AC99D4 /* PlaybackStorageService.swift */; };
		F7C46F012E14D1AE00AC99D4 /* VideoPlayerViewModel.swift in Sources */ = {isa = PBXBuildFile; fileRef = F7C46F002E14D1AE00AC99D4 /* VideoPlayerViewModel.swift */; };
		F7C46F042E14E69700AC99D4 /* VideoPlayerRepresentable.swift in Sources */ = {isa = PBXBuildFile; fileRef = F7C46F032E14E69700AC99D4 /* VideoPlayerRepresentable.swift */; };
		F7C46F062E14E7E800AC99D4 /* VideoCardView.swift in Sources */ = {isa = PBXBuildFile; fileRef = F7C46F052E14E7E800AC99D4 /* VideoCardView.swift */; };
		F7C46F082E14FDAD00AC99D4 /* README.md in Resources */ = {isa = PBXBuildFile; fileRef = F7C46F072E14FDAC00AC99D4 /* README.md */; };
/* End PBXBuildFile section */

/* Begin PBXContainerItemProxy section */
		F7AA24AD2E1451A100169FAE /* PBXContainerItemProxy */ = {
			isa = PBXContainerItemProxy;
			containerPortal = F7AA24942E14519D00169FAE /* Project object */;
			proxyType = 1;
			remoteGlobalIDString = F7AA249B2E14519D00169FAE;
			remoteInfo = "VideoFlix-SwiftUI";
		};
		F7AA24B72E1451A100169FAE /* PBXContainerItemProxy */ = {
			isa = PBXContainerItemProxy;
			containerPortal = F7AA24942E14519D00169FAE /* Project object */;
			proxyType = 1;
			remoteGlobalIDString = F7AA249B2E14519D00169FAE;
			remoteInfo = "VideoFlix-SwiftUI";
		};
/* End PBXContainerItemProxy section */

/* Begin PBXFileReference section */
		F7AA249C2E14519D00169FAE /* VideoFlix-SwiftUI.app */ = {isa = PBXFileReference; explicitFileType = wrapper.application; includeInIndex = 0; path = "VideoFlix-SwiftUI.app"; sourceTree = BUILT_PRODUCTS_DIR; };
		F7AA249F2E14519D00169FAE /* VideoFlix_SwiftUIApp.swift */ = {isa = PBXFileReference; lastKnownFileType = sourcecode.swift; path = VideoFlix_SwiftUIApp.swift; sourceTree = "<group>"; };
		F7AA24A32E1451A100169FAE /* Assets.xcassets */ = {isa = PBXFileReference; lastKnownFileType = folder.assetcatalog; path = Assets.xcassets; sourceTree = "<group>"; };
		F7AA24A62E1451A100169FAE /* Preview Assets.xcassets */ = {isa = PBXFileReference; lastKnownFileType = folder.assetcatalog; path = "Preview Assets.xcassets"; sourceTree = "<group>"; };
		F7AA24AC2E1451A100169FAE /* VideoFlix-SwiftUITests.xctest */ = {isa = PBXFileReference; explicitFileType = wrapper.cfbundle; includeInIndex = 0; path = "VideoFlix-SwiftUITests.xctest"; sourceTree = BUILT_PRODUCTS_DIR; };
		F7AA24B02E1451A100169FAE /* VideoFlix_SwiftUITests.swift */ = {isa = PBXFileReference; lastKnownFileType = sourcecode.swift; path = VideoFlix_SwiftUITests.swift; sourceTree = "<group>"; };
		F7AA24B62E1451A100169FAE /* VideoFlix-SwiftUIUITests.xctest */ = {isa = PBXFileReference; explicitFileType = wrapper.cfbundle; includeInIndex = 0; path = "VideoFlix-SwiftUIUITests.xctest"; sourceTree = BUILT_PRODUCTS_DIR; };
		F7AA24BA2E1451A100169FAE /* VideoFlix_SwiftUIUITests.swift */ = {isa = PBXFileReference; lastKnownFileType = sourcecode.swift; path = VideoFlix_SwiftUIUITests.swift; sourceTree = "<group>"; };
		F7AA24BC2E1451A100169FAE /* VideoFlix_SwiftUIUITestsLaunchTests.swift */ = {isa = PBXFileReference; lastKnownFileType = sourcecode.swift; path = VideoFlix_SwiftUIUITestsLaunchTests.swift; sourceTree = "<group>"; };
		F7AA24C92E14529D00169FAE /* video_list.json */ = {isa = PBXFileReference; fileEncoding = 4; lastKnownFileType = text.json; path = video_list.json; sourceTree = "<group>"; };
		F7AA24CA2E14529D00169FAE /* VideoItem.swift */ = {isa = PBXFileReference; fileEncoding = 4; lastKnownFileType = sourcecode.swift; path = VideoItem.swift; sourceTree = "<group>"; };
		F7AA24CB2E14529E00169FAE /* VideoService.swift */ = {isa = PBXFileReference; fileEncoding = 4; lastKnownFileType = sourcecode.swift; path = VideoService.swift; sourceTree = "<group>"; };
		F7C46EF22E14BB5E00AC99D4 /* VideoListViewModel.swift */ = {isa = PBXFileReference; lastKnownFileType = sourcecode.swift; path = VideoListViewModel.swift; sourceTree = "<group>"; };
		F7C46EF62E14BD8A00AC99D4 /* VideoListView.swift */ = {isa = PBXFileReference; lastKnownFileType = sourcecode.swift; path = VideoListView.swift; sourceTree = "<group>"; };
		F7C46EFA2E14CE0000AC99D4 /* VideoPlayerView.swift */ = {isa = PBXFileReference; lastKnownFileType = sourcecode.swift; path = VideoPlayerView.swift; sourceTree = "<group>"; };
		F7C46EFD2E14D12500AC99D4 /* PlaybackStorageService.swift */ = {isa = PBXFileReference; lastKnownFileType = sourcecode.swift; path = PlaybackStorageService.swift; sourceTree = "<group>"; };
		F7C46F002E14D1AE00AC99D4 /* VideoPlayerViewModel.swift */ = {isa = PBXFileReference; lastKnownFileType = sourcecode.swift; path = VideoPlayerViewModel.swift; sourceTree = "<group>"; };
		F7C46F032E14E69700AC99D4 /* VideoPlayerRepresentable.swift */ = {isa = PBXFileReference; lastKnownFileType = sourcecode.swift; path = VideoPlayerRepresentable.swift; sourceTree = "<group>"; };
		F7C46F052E14E7E800AC99D4 /* VideoCardView.swift */ = {isa = PBXFileReference; lastKnownFileType = sourcecode.swift; path = VideoCardView.swift; sourceTree = "<group>"; };
		F7C46F072E14FDAC00AC99D4 /* README.md */ = {isa = PBXFileReference; fileEncoding = 4; lastKnownFileType = net.daringfireball.markdown; path = README.md; sourceTree = "<group>"; };
/* End PBXFileReference section */

/* Begin PBXFrameworksBuildPhase section */
		F7AA24992E14519D00169FAE /* Frameworks */ = {
			isa = PBXFrameworksBuildPhase;
			buildActionMask = 2147483647;
			files = (
			);
			runOnlyForDeploymentPostprocessing = 0;
		};
		F7AA24A92E1451A100169FAE /* Frameworks */ = {
			isa = PBXFrameworksBuildPhase;
			buildActionMask = 2147483647;
			files = (
			);
			runOnlyForDeploymentPostprocessing = 0;
		};
		F7AA24B32E1451A100169FAE /* Frameworks */ = {
			isa = PBXFrameworksBuildPhase;
			buildActionMask = 2147483647;
			files = (
			);
			runOnlyForDeploymentPostprocessing = 0;
		};
/* End PBXFrameworksBuildPhase section */

/* Begin PBXGroup section */
		F7AA24932E14519D00169FAE = {
			isa = PBXGroup;
			children = (
				F7AA249E2E14519D00169FAE /* VideoFlix-SwiftUI */,
				F7AA24AF2E1451A100169FAE /* VideoFlix-SwiftUITests */,
				F7AA24B92E1451A100169FAE /* VideoFlix-SwiftUIUITests */,
				F7AA249D2E14519D00169FAE /* Products */,
			);
			sourceTree = "<group>";
		};
		F7AA249D2E14519D00169FAE /* Products */ = {
			isa = PBXGroup;
			children = (
				F7AA249C2E14519D00169FAE /* VideoFlix-SwiftUI.app */,
				F7AA24AC2E1451A100169FAE /* VideoFlix-SwiftUITests.xctest */,
				F7AA24B62E1451A100169FAE /* VideoFlix-SwiftUIUITests.xctest */,
			);
			name = Products;
			sourceTree = "<group>";
		};
		F7AA249E2E14519D00169FAE /* VideoFlix-SwiftUI */ = {
			isa = PBXGroup;
			children = (
				F7C46F072E14FDAC00AC99D4 /* README.md */,
				F7C46EFF2E14D1A300AC99D4 /* Models */,
				F7C46EF12E14BB4200AC99D4 /* ViewModel */,
				F7C46EF42E14BD6300AC99D4 /* View */,
				F7C46EFC2E14D11800AC99D4 /* Services */,
				F7C46F022E14DB1D00AC99D4 /* Resources */,
				F7AA249F2E14519D00169FAE /* VideoFlix_SwiftUIApp.swift */,
				F7AA24A32E1451A100169FAE /* Assets.xcassets */,
				F7AA24A52E1451A100169FAE /* Preview Content */,
			);
			path = "VideoFlix-SwiftUI";
			sourceTree = "<group>";
		};
		F7AA24A52E1451A100169FAE /* Preview Content */ = {
			isa = PBXGroup;
			children = (
				F7AA24A62E1451A100169FAE /* Preview Assets.xcassets */,
			);
			path = "Preview Content";
			sourceTree = "<group>";
		};
		F7AA24AF2E1451A100169FAE /* VideoFlix-SwiftUITests */ = {
			isa = PBXGroup;
			children = (
				F7AA24B02E1451A100169FAE /* VideoFlix_SwiftUITests.swift */,
			);
			path = "VideoFlix-SwiftUITests";
			sourceTree = "<group>";
		};
		F7AA24B92E1451A100169FAE /* VideoFlix-SwiftUIUITests */ = {
			isa = PBXGroup;
			children = (
				F7AA24BA2E1451A100169FAE /* VideoFlix_SwiftUIUITests.swift */,
				F7AA24BC2E1451A100169FAE /* VideoFlix_SwiftUIUITestsLaunchTests.swift */,
			);
			path = "VideoFlix-SwiftUIUITests";
			sourceTree = "<group>";
		};
		F7C46EF12E14BB4200AC99D4 /* ViewModel */ = {
			isa = PBXGroup;
			children = (
				F7C46EF22E14BB5E00AC99D4 /* VideoListViewModel.swift */,
				F7C46F002E14D1AE00AC99D4 /* VideoPlayerViewModel.swift */,
			);
			path = ViewModel;
			sourceTree = "<group>";
		};
		F7C46EF42E14BD6300AC99D4 /* View */ = {
			isa = PBXGroup;
			children = (
				F7C46EF62E14BD8A00AC99D4 /* VideoListView.swift */,
				F7C46EFA2E14CE0000AC99D4 /* VideoPlayerView.swift */,
				F7C46F032E14E69700AC99D4 /* VideoPlayerRepresentable.swift */,
				F7C46F052E14E7E800AC99D4 /* VideoCardView.swift */,
			);
			path = View;
			sourceTree = "<group>";
		};
		F7C46EFC2E14D11800AC99D4 /* Services */ = {
			isa = PBXGroup;
			children = (
				F7AA24CB2E14529E00169FAE /* VideoService.swift */,
				F7C46EFD2E14D12500AC99D4 /* PlaybackStorageService.swift */,
			);
			path = Services;
			sourceTree = "<group>";
		};
		F7C46EFF2E14D1A300AC99D4 /* Models */ = {
			isa = PBXGroup;
			children = (
				F7AA24CA2E14529D00169FAE /* VideoItem.swift */,
			);
			path = Models;
			sourceTree = "<group>";
		};
		F7C46F022E14DB1D00AC99D4 /* Resources */ = {
			isa = PBXGroup;
			children = (
				F7AA24C92E14529D00169FAE /* video_list.json */,
			);
			path = Resources;
			sourceTree = "<group>";
		};
/* End PBXGroup section */

/* Begin PBXNativeTarget section */
		F7AA249B2E14519D00169FAE /* VideoFlix-SwiftUI */ = {
			isa = PBXNativeTarget;
			buildConfigurationList = F7AA24C02E1451A100169FAE /* Build configuration list for PBXNativeTarget "VideoFlix-SwiftUI" */;
			buildPhases = (
				F7AA24982E14519D00169FAE /* Sources */,
				F7AA24992E14519D00169FAE /* Frameworks */,
				F7AA249A2E14519D00169FAE /* Resources */,
			);
			buildRules = (
			);
			dependencies = (
			);
			name = "VideoFlix-SwiftUI";
			productName = "VideoFlix-SwiftUI";
			productReference = F7AA249C2E14519D00169FAE /* VideoFlix-SwiftUI.app */;
			productType = "com.apple.product-type.application";
		};
		F7AA24AB2E1451A100169FAE /* VideoFlix-SwiftUITests */ = {
			isa = PBXNativeTarget;
			buildConfigurationList = F7AA24C32E1451A100169FAE /* Build configuration list for PBXNativeTarget "VideoFlix-SwiftUITests" */;
			buildPhases = (
				F7AA24A82E1451A100169FAE /* Sources */,
				F7AA24A92E1451A100169FAE /* Frameworks */,
				F7AA24AA2E1451A100169FAE /* Resources */,
			);
			buildRules = (
			);
			dependencies = (
				F7AA24AE2E1451A100169FAE /* PBXTargetDependency */,
			);
			name = "VideoFlix-SwiftUITests";
			productName = "VideoFlix-SwiftUITests";
			productReference = F7AA24AC2E1451A100169FAE /* VideoFlix-SwiftUITests.xctest */;
			productType = "com.apple.product-type.bundle.unit-test";
		};
		F7AA24B52E1451A100169FAE /* VideoFlix-SwiftUIUITests */ = {
			isa = PBXNativeTarget;
			buildConfigurationList = F7AA24C62E1451A100169FAE /* Build configuration list for PBXNativeTarget "VideoFlix-SwiftUIUITests" */;
			buildPhases = (
				F7AA24B22E1451A100169FAE /* Sources */,
				F7AA24B32E1451A100169FAE /* Frameworks */,
				F7AA24B42E1451A100169FAE /* Resources */,
			);
			buildRules = (
			);
			dependencies = (
				F7AA24B82E1451A100169FAE /* PBXTargetDependency */,
			);
			name = "VideoFlix-SwiftUIUITests";
			productName = "VideoFlix-SwiftUIUITests";
			productReference = F7AA24B62E1451A100169FAE /* VideoFlix-SwiftUIUITests.xctest */;
			productType = "com.apple.product-type.bundle.ui-testing";
		};
/* End PBXNativeTarget section */

/* Begin PBXProject section */
		F7AA24942E14519D00169FAE /* Project object */ = {
			isa = PBXProject;
			attributes = {
				BuildIndependentTargetsInParallel = 1;
				LastSwiftUpdateCheck = 1420;
				LastUpgradeCheck = 1420;
				TargetAttributes = {
					F7AA249B2E14519D00169FAE = {
						CreatedOnToolsVersion = 14.2;
					};
					F7AA24AB2E1451A100169FAE = {
						CreatedOnToolsVersion = 14.2;
						TestTargetID = F7AA249B2E14519D00169FAE;
					};
					F7AA24B52E1451A100169FAE = {
						CreatedOnToolsVersion = 14.2;
						TestTargetID = F7AA249B2E14519D00169FAE;
					};
				};
			};
			buildConfigurationList = F7AA24972E14519D00169FAE /* Build configuration list for PBXProject "VideoFlix-SwiftUI" */;
			compatibilityVersion = "Xcode 14.0";
			developmentRegion = en;
			hasScannedForEncodings = 0;
			knownRegions = (
				en,
				Base,
			);
			mainGroup = F7AA24932E14519D00169FAE;
			productRefGroup = F7AA249D2E14519D00169FAE /* Products */;
			projectDirPath = "";
			projectRoot = "";
			targets = (
				F7AA249B2E14519D00169FAE /* VideoFlix-SwiftUI */,
				F7AA24AB2E1451A100169FAE /* VideoFlix-SwiftUITests */,
				F7AA24B52E1451A100169FAE /* VideoFlix-SwiftUIUITests */,
			);
		};
/* End PBXProject section */

/* Begin PBXResourcesBuildPhase section */
		F7AA249A2E14519D00169FAE /* Resources */ = {
			isa = PBXResourcesBuildPhase;
			buildActionMask = 2147483647;
			files = (
				F7AA24CC2E14529E00169FAE /* video_list.json in Resources */,
				F7C46F082E14FDAD00AC99D4 /* README.md in Resources */,
				F7AA24A72E1451A100169FAE /* Preview Assets.xcassets in Resources */,
				F7AA24A42E1451A100169FAE /* Assets.xcassets in Resources */,
			);
			runOnlyForDeploymentPostprocessing = 0;
		};
		F7AA24AA2E1451A100169FAE /* Resources */ = {
			isa = PBXResourcesBuildPhase;
			buildActionMask = 2147483647;
			files = (
			);
			runOnlyForDeploymentPostprocessing = 0;
		};
		F7AA24B42E1451A100169FAE /* Resources */ = {
			isa = PBXResourcesBuildPhase;
			buildActionMask = 2147483647;
			files = (
			);
			runOnlyForDeploymentPostprocessing = 0;
		};
/* End PBXResourcesBuildPhase section */

/* Begin PBXSourcesBuildPhase section */
		F7AA24982E14519D00169FAE /* Sources */ = {
			isa = PBXSourcesBuildPhase;
			buildActionMask = 2147483647;
			files = (
				F7C46F012E14D1AE00AC99D4 /* VideoPlayerViewModel.swift in Sources */,
				F7AA24CE2E14529E00169FAE /* VideoService.swift in Sources */,
				F7C46EF72E14BD8A00AC99D4 /* VideoListView.swift in Sources */,
				F7AA24CD2E14529E00169FAE /* VideoItem.swift in Sources */,
				F7C46F062E14E7E800AC99D4 /* VideoCardView.swift in Sources */,
				F7C46F042E14E69700AC99D4 /* VideoPlayerRepresentable.swift in Sources */,
				F7C46EFE2E14D12500AC99D4 /* PlaybackStorageService.swift in Sources */,
				F7C46EF32E14BB5E00AC99D4 /* VideoListViewModel.swift in Sources */,
				F7AA24A02E14519D00169FAE /* VideoFlix_SwiftUIApp.swift in Sources */,
				F7C46EFB2E14CE0000AC99D4 /* VideoPlayerView.swift in Sources */,
			);
			runOnlyForDeploymentPostprocessing = 0;
		};
		F7AA24A82E1451A100169FAE /* Sources */ = {
			isa = PBXSourcesBuildPhase;
			buildActionMask = 2147483647;
			files = (
				F7AA24B12E1451A100169FAE /* VideoFlix_SwiftUITests.swift in Sources */,
			);
			runOnlyForDeploymentPostprocessing = 0;
		};
		F7AA24B22E1451A100169FAE /* Sources */ = {
			isa = PBXSourcesBuildPhase;
			buildActionMask = 2147483647;
			files = (
				F7AA24BB2E1451A100169FAE /* VideoFlix_SwiftUIUITests.swift in Sources */,
				F7AA24BD2E1451A100169FAE /* VideoFlix_SwiftUIUITestsLaunchTests.swift in Sources */,
			);
			runOnlyForDeploymentPostprocessing = 0;
		};
/* End PBXSourcesBuildPhase section */

/* Begin PBXTargetDependency section */
		F7AA24AE2E1451A100169FAE /* PBXTargetDependency */ = {
			isa = PBXTargetDependency;
			target = F7AA249B2E14519D00169FAE /* VideoFlix-SwiftUI */;
			targetProxy = F7AA24AD2E1451A100169FAE /* PBXContainerItemProxy */;
		};
		F7AA24B82E1451A100169FAE /* PBXTargetDependency */ = {
			isa = PBXTargetDependency;
			target = F7AA249B2E14519D00169FAE /* VideoFlix-SwiftUI */;
			targetProxy = F7AA24B72E1451A100169FAE /* PBXContainerItemProxy */;
		};
/* End PBXTargetDependency section */

/* Begin XCBuildConfiguration section */
		F7AA24BE2E1451A100169FAE /* Debug */ = {
			isa = XCBuildConfiguration;
			buildSettings = {
				ALWAYS_SEARCH_USER_PATHS = NO;
				CLANG_ANALYZER_NONNULL = YES;
				CLANG_ANALYZER_NUMBER_OBJECT_CONVERSION = YES_AGGRESSIVE;
				CLANG_CXX_LANGUAGE_STANDARD = "gnu++20";
				CLANG_ENABLE_MODULES = YES;
				CLANG_ENABLE_OBJC_ARC = YES;
				CLANG_ENABLE_OBJC_WEAK = YES;
				CLANG_WARN_BLOCK_CAPTURE_AUTORELEASING = YES;
				CLANG_WARN_BOOL_CONVERSION = YES;
				CLANG_WARN_COMMA = YES;
				CLANG_WARN_CONSTANT_CONVERSION = YES;
				CLANG_WARN_DEPRECATED_OBJC_IMPLEMENTATIONS = YES;
				CLANG_WARN_DIRECT_OBJC_ISA_USAGE = YES_ERROR;
				CLANG_WARN_DOCUMENTATION_COMMENTS = YES;
				CLANG_WARN_EMPTY_BODY = YES;
				CLANG_WARN_ENUM_CONVERSION = YES;
				CLANG_WARN_INFINITE_RECURSION = YES;
				CLANG_WARN_INT_CONVERSION = YES;
				CLANG_WARN_NON_LITERAL_NULL_CONVERSION = YES;
				CLANG_WARN_OBJC_IMPLICIT_RETAIN_SELF = YES;
				CLANG_WARN_OBJC_LITERAL_CONVERSION = YES;
				CLANG_WARN_OBJC_ROOT_CLASS = YES_ERROR;
				CLANG_WARN_QUOTED_INCLUDE_IN_FRAMEWORK_HEADER = YES;
				CLANG_WARN_RANGE_LOOP_ANALYSIS = YES;
				CLANG_WARN_STRICT_PROTOTYPES = YES;
				CLANG_WARN_SUSPICIOUS_MOVE = YES;
				CLANG_WARN_UNGUARDED_AVAILABILITY = YES_AGGRESSIVE;
				CLANG_WARN_UNREACHABLE_CODE = YES;
				CLANG_WARN__DUPLICATE_METHOD_MATCH = YES;
				COPY_PHASE_STRIP = NO;
				DEBUG_INFORMATION_FORMAT = dwarf;
				ENABLE_STRICT_OBJC_MSGSEND = YES;
				ENABLE_TESTABILITY = YES;
				GCC_C_LANGUAGE_STANDARD = gnu11;
				GCC_DYNAMIC_NO_PIC = NO;
				GCC_NO_COMMON_BLOCKS = YES;
				GCC_OPTIMIZATION_LEVEL = 0;
				GCC_PREPROCESSOR_DEFINITIONS = (
					"DEBUG=1",
					"$(inherited)",
				);
				GCC_WARN_64_TO_32_BIT_CONVERSION = YES;
				GCC_WARN_ABOUT_RETURN_TYPE = YES_ERROR;
				GCC_WARN_UNDECLARED_SELECTOR = YES;
				GCC_WARN_UNINITIALIZED_AUTOS = YES_AGGRESSIVE;
				GCC_WARN_UNUSED_FUNCTION = YES;
				GCC_WARN_UNUSED_VARIABLE = YES;
				IPHONEOS_DEPLOYMENT_TARGET = 16.2;
				MTL_ENABLE_DEBUG_INFO = INCLUDE_SOURCE;
				MTL_FAST_MATH = YES;
				ONLY_ACTIVE_ARCH = YES;
				SDKROOT = iphoneos;
				SWIFT_ACTIVE_COMPILATION_CONDITIONS = DEBUG;
				SWIFT_OPTIMIZATION_LEVEL = "-Onone";
			};
			name = Debug;
		};
		F7AA24BF2E1451A100169FAE /* Release */ = {
			isa = XCBuildConfiguration;
			buildSettings = {
				ALWAYS_SEARCH_USER_PATHS = NO;
				CLANG_ANALYZER_NONNULL = YES;
				CLANG_ANALYZER_NUMBER_OBJECT_CONVERSION = YES_AGGRESSIVE;
				CLANG_CXX_LANGUAGE_STANDARD = "gnu++20";
				CLANG_ENABLE_MODULES = YES;
				CLANG_ENABLE_OBJC_ARC = YES;
				CLANG_ENABLE_OBJC_WEAK = YES;
				CLANG_WARN_BLOCK_CAPTURE_AUTORELEASING = YES;
				CLANG_WARN_BOOL_CONVERSION = YES;
				CLANG_WARN_COMMA = YES;
				CLANG_WARN_CONSTANT_CONVERSION = YES;
				CLANG_WARN_DEPRECATED_OBJC_IMPLEMENTATIONS = YES;
				CLANG_WARN_DIRECT_OBJC_ISA_USAGE = YES_ERROR;
				CLANG_WARN_DOCUMENTATION_COMMENTS = YES;
				CLANG_WARN_EMPTY_BODY = YES;
				CLANG_WARN_ENUM_CONVERSION = YES;
				CLANG_WARN_INFINITE_RECURSION = YES;
				CLANG_WARN_INT_CONVERSION = YES;
				CLANG_WARN_NON_LITERAL_NULL_CONVERSION = YES;
				CLANG_WARN_OBJC_IMPLICIT_RETAIN_SELF = YES;
				CLANG_WARN_OBJC_LITERAL_CONVERSION = YES;
				CLANG_WARN_OBJC_ROOT_CLASS = YES_ERROR;
				CLANG_WARN_QUOTED_INCLUDE_IN_FRAMEWORK_HEADER = YES;
				CLANG_WARN_RANGE_LOOP_ANALYSIS = YES;
				CLANG_WARN_STRICT_PROTOTYPES = YES;
				CLANG_WARN_SUSPICIOUS_MOVE = YES;
				CLANG_WARN_UNGUARDED_AVAILABILITY = YES_AGGRESSIVE;
				CLANG_WARN_UNREACHABLE_CODE = YES;
				CLANG_WARN__DUPLICATE_METHOD_MATCH = YES;
				COPY_PHASE_STRIP = NO;
				DEBUG_INFORMATION_FORMAT = "dwarf-with-dsym";
				ENABLE_NS_ASSERTIONS = NO;
				ENABLE_STRICT_OBJC_MSGSEND = YES;
				GCC_C_LANGUAGE_STANDARD = gnu11;
				GCC_NO_COMMON_BLOCKS = YES;
				GCC_WARN_64_TO_32_BIT_CONVERSION = YES;
				GCC_WARN_ABOUT_RETURN_TYPE = YES_ERROR;
				GCC_WARN_UNDECLARED_SELECTOR = YES;
				GCC_WARN_UNINITIALIZED_AUTOS = YES_AGGRESSIVE;
				GCC_WARN_UNUSED_FUNCTION = YES;
				GCC_WARN_UNUSED_VARIABLE = YES;
				IPHONEOS_DEPLOYMENT_TARGET = 16.2;
				MTL_ENABLE_DEBUG_INFO = NO;
				MTL_FAST_MATH = YES;
				SDKROOT = iphoneos;
				SWIFT_COMPILATION_MODE = wholemodule;
				SWIFT_OPTIMIZATION_LEVEL = "-O";
				VALIDATE_PRODUCT = YES;
			};
			name = Release;
		};
		F7AA24C12E1451A100169FAE /* Debug */ = {
			isa = XCBuildConfiguration;
			buildSettings = {
				ASSETCATALOG_COMPILER_APPICON_NAME = AppIcon;
				ASSETCATALOG_COMPILER_GLOBAL_ACCENT_COLOR_NAME = AccentColor;
				CODE_SIGN_STYLE = Automatic;
				CURRENT_PROJECT_VERSION = 1;
				DEVELOPMENT_ASSET_PATHS = "\"VideoFlix-SwiftUI/Preview Content\"";
				ENABLE_PREVIEWS = YES;
				GENERATE_INFOPLIST_FILE = YES;
				INFOPLIST_KEY_UIApplicationSceneManifest_Generation = YES;
				INFOPLIST_KEY_UIApplicationSupportsIndirectInputEvents = YES;
				INFOPLIST_KEY_UILaunchScreen_Generation = YES;
				INFOPLIST_KEY_UISupportedInterfaceOrientations_iPad = "UIInterfaceOrientationPortrait UIInterfaceOrientationPortraitUpsideDown UIInterfaceOrientationLandscapeLeft UIInterfaceOrientationLandscapeRight";
				INFOPLIST_KEY_UISupportedInterfaceOrientations_iPhone = "UIInterfaceOrientationPortrait UIInterfaceOrientationLandscapeLeft UIInterfaceOrientationLandscapeRight";
				LD_RUNPATH_SEARCH_PATHS = (
					"$(inherited)",
					"@executable_path/Frameworks",
				);
				MARKETING_VERSION = 1.0;
				PRODUCT_BUNDLE_IDENTIFIER = "com.study.VideoFlix-SwiftUI";
				PRODUCT_NAME = "$(TARGET_NAME)";
				SWIFT_EMIT_LOC_STRINGS = YES;
				SWIFT_VERSION = 5.0;
				TARGETED_DEVICE_FAMILY = "1,2";
			};
			name = Debug;
		};
		F7AA24C22E1451A100169FAE /* Release */ = {
			isa = XCBuildConfiguration;
			buildSettings = {
				ASSETCATALOG_COMPILER_APPICON_NAME = AppIcon;
				ASSETCATALOG_COMPILER_GLOBAL_ACCENT_COLOR_NAME = AccentColor;
				CODE_SIGN_STYLE = Automatic;
				CURRENT_PROJECT_VERSION = 1;
				DEVELOPMENT_ASSET_PATHS = "\"VideoFlix-SwiftUI/Preview Content\"";
				ENABLE_PREVIEWS = YES;
				GENERATE_INFOPLIST_FILE = YES;
				INFOPLIST_KEY_UIApplicationSceneManifest_Generation = YES;
				INFOPLIST_KEY_UIApplicationSupportsIndirectInputEvents = YES;
				INFOPLIST_KEY_UILaunchScreen_Generation = YES;
				INFOPLIST_KEY_UISupportedInterfaceOrientations_iPad = "UIInterfaceOrientationPortrait UIInterfaceOrientationPortraitUpsideDown UIInterfaceOrientationLandscapeLeft UIInterfaceOrientationLandscapeRight";
				INFOPLIST_KEY_UISupportedInterfaceOrientations_iPhone = "UIInterfaceOrientationPortrait UIInterfaceOrientationLandscapeLeft UIInterfaceOrientationLandscapeRight";
				LD_RUNPATH_SEARCH_PATHS = (
					"$(inherited)",
					"@executable_path/Frameworks",
				);
				MARKETING_VERSION = 1.0;
				PRODUCT_BUNDLE_IDENTIFIER = "com.study.VideoFlix-SwiftUI";
				PRODUCT_NAME = "$(TARGET_NAME)";
				SWIFT_EMIT_LOC_STRINGS = YES;
				SWIFT_VERSION = 5.0;
				TARGETED_DEVICE_FAMILY = "1,2";
			};
			name = Release;
		};
		F7AA24C42E1451A100169FAE /* Debug */ = {
			isa = XCBuildConfiguration;
			buildSettings = {
				ALWAYS_EMBED_SWIFT_STANDARD_LIBRARIES = YES;
				BUNDLE_LOADER = "$(TEST_HOST)";
				CODE_SIGN_STYLE = Automatic;
				CURRENT_PROJECT_VERSION = 1;
				GENERATE_INFOPLIST_FILE = YES;
				IPHONEOS_DEPLOYMENT_TARGET = 16.2;
				MARKETING_VERSION = 1.0;
				PRODUCT_BUNDLE_IDENTIFIER = "com.study.VideoFlix-SwiftUITests";
				PRODUCT_NAME = "$(TARGET_NAME)";
				SWIFT_EMIT_LOC_STRINGS = NO;
				SWIFT_VERSION = 5.0;
				TARGETED_DEVICE_FAMILY = "1,2";
				TEST_HOST = "$(BUILT_PRODUCTS_DIR)/VideoFlix-SwiftUI.app/$(BUNDLE_EXECUTABLE_FOLDER_PATH)/VideoFlix-SwiftUI";
			};
			name = Debug;
		};
		F7AA24C52E1451A100169FAE /* Release */ = {
			isa = XCBuildConfiguration;
			buildSettings = {
				ALWAYS_EMBED_SWIFT_STANDARD_LIBRARIES = YES;
				BUNDLE_LOADER = "$(TEST_HOST)";
				CODE_SIGN_STYLE = Automatic;
				CURRENT_PROJECT_VERSION = 1;
				GENERATE_INFOPLIST_FILE = YES;
				IPHONEOS_DEPLOYMENT_TARGET = 16.2;
				MARKETING_VERSION = 1.0;
				PRODUCT_BUNDLE_IDENTIFIER = "com.study.VideoFlix-SwiftUITests";
				PRODUCT_NAME = "$(TARGET_NAME)";
				SWIFT_EMIT_LOC_STRINGS = NO;
				SWIFT_VERSION = 5.0;
				TARGETED_DEVICE_FAMILY = "1,2";
				TEST_HOST = "$(BUILT_PRODUCTS_DIR)/VideoFlix-SwiftUI.app/$(BUNDLE_EXECUTABLE_FOLDER_PATH)/VideoFlix-SwiftUI";
			};
			name = Release;
		};
		F7AA24C72E1451A100169FAE /* Debug */ = {
			isa = XCBuildConfiguration;
			buildSettings = {
				ALWAYS_EMBED_SWIFT_STANDARD_LIBRARIES = YES;
				CODE_SIGN_STYLE = Automatic;
				CURRENT_PROJECT_VERSION = 1;
				GENERATE_INFOPLIST_FILE = YES;
				MARKETING_VERSION = 1.0;
				PRODUCT_BUNDLE_IDENTIFIER = "com.study.VideoFlix-SwiftUIUITests";
				PRODUCT_NAME = "$(TARGET_NAME)";
				SWIFT_EMIT_LOC_STRINGS = NO;
				SWIFT_VERSION = 5.0;
				TARGETED_DEVICE_FAMILY = "1,2";
				TEST_TARGET_NAME = "VideoFlix-SwiftUI";
			};
			name = Debug;
		};
		F7AA24C82E1451A100169FAE /* Release */ = {
			isa = XCBuildConfiguration;
			buildSettings = {
				ALWAYS_EMBED_SWIFT_STANDARD_LIBRARIES = YES;
				CODE_SIGN_STYLE = Automatic;
				CURRENT_PROJECT_VERSION = 1;
				GENERATE_INFOPLIST_FILE = YES;
				MARKETING_VERSION = 1.0;
				PRODUCT_BUNDLE_IDENTIFIER = "com.study.VideoFlix-SwiftUIUITests";
				PRODUCT_NAME = "$(TARGET_NAME)";
				SWIFT_EMIT_LOC_STRINGS = NO;
				SWIFT_VERSION = 5.0;
				TARGETED_DEVICE_FAMILY = "1,2";
				TEST_TARGET_NAME = "VideoFlix-SwiftUI";
			};
			name = Release;
		};
/* End XCBuildConfiguration section */

/* Begin XCConfigurationList section */
		F7AA24972E14519D00169FAE /* Build configuration list for PBXProject "VideoFlix-SwiftUI" */ = {
			isa = XCConfigurationList;
			buildConfigurations = (
				F7AA24BE2E1451A100169FAE /* Debug */,
				F7AA24BF2E1451A100169FAE /* Release */,
			);
			defaultConfigurationIsVisible = 0;
			defaultConfigurationName = Release;
		};
		F7AA24C02E1451A100169FAE /* Build configuration list for PBXNativeTarget "VideoFlix-SwiftUI" */ = {
			isa = XCConfigurationList;
			buildConfigurations = (
				F7AA24C12E1451A100169FAE /* Debug */,
				F7AA24C22E1451A100169FAE /* Release */,
			);
			defaultConfigurationIsVisible = 0;
			defaultConfigurationName = Release;
		};
		F7AA24C32E1451A100169FAE /* Build configuration list for PBXNativeTarget "VideoFlix-SwiftUITests" */ = {
			isa = XCConfigurationList;
			buildConfigurations = (
				F7AA24C42E1451A100169FAE /* Debug */,
				F7AA24C52E1451A100169FAE /* Release */,
			);
			defaultConfigurationIsVisible = 0;
			defaultConfigurationName = Release;
		};
		F7AA24C62E1451A100169FAE /* Build configuration list for PBXNativeTarget "VideoFlix-SwiftUIUITests" */ = {
			isa = XCConfigurationList;
			buildConfigurations = (
				F7AA24C72E1451A100169FAE /* Debug */,
				F7AA24C82E1451A100169FAE /* Release */,
			);
			defaultConfigurationIsVisible = 0;
			defaultConfigurationName = Release;
		};
/* End XCConfigurationList section */
	};
	rootObject = F7AA24942E14519D00169FAE /* Project object */;
}
